Microsoft Visual Studio Solution File, Format Version 12.00
# Visual Studio 14
VisualStudioVersion = 14.0.25420.1
MinimumVisualStudioVersion = 10.0.40219.1
Project("{D954291E-2A0B-460D-934E-DC6B0785DB48}") = "VoiceRecognitionSystem", "VoiceRecognitionSystem\VoiceRecognitionSystem.shproj", "{0ED58D03-4743-4884-8E96-A8C670A967C3}"
EndProject
Project("{FAE04EC0-301F-11D3-BF4B-00C04F79EFBC}") = "VoiceRecognitionSystem.iOS", "iOS\VoiceRecognitionSystem.iOS.csproj", "{8B13A8A5-64D6-4F10-822E-B48B3A1824C9}"
EndProject
Project("{FAE04EC0-301F-11D3-BF4B-00C04F79EFBC}") = "VoiceRecognitionSystem.Droid", "Droid\VoiceRecognitionSystem.Droid.csproj", "{66FF0906-FF78-4F77-A41E-3569B43A980B}"
EndProject
Global
	GlobalSection(SharedMSBuildProjectFiles) = preSolution
		VoiceRecognitionSystem\VoiceRecognitionSystem.projitems*{0ed58d03-4743-4884-8e96-a8c670a967c3}*SharedItemsImports = 13
		VoiceRecognitionSystem\VoiceRecognitionSystem.projitems*{66ff0906-ff78-4f77-a41e-3569b43a980b}*SharedItemsImports = 4
		VoiceRecognitionSystem\VoiceRecognitionSystem.projitems*{8b13a8a5-64d6-4f10-822e-b48b3a1824c9}*SharedItemsImports = 4
	EndGlobalSection
	GlobalSection(SolutionConfigurationPlatforms) = preSolution
		Debug|Any CPU = Debug|Any CPU
		Debug|iPhone = Debug|iPhone
		Debug|iPhoneSimulator = Debug|iPhoneSimulator
		Release|Any CPU = Release|Any CPU
		Release|iPhone = Release|iPhone
		Release|iPhoneSimulator = Release|iPhoneSimulator
	EndGlobalSection
	GlobalSection(ProjectConfigurationPlatforms) = postSolution
		{8B13A8A5-64D6-4F10-822E-B48B3A1824C9}.Debug|Any CPU.ActiveCfg = Debug|iPhoneSimulator
		{8B13A8A5-64D6-4F10-822E-B48B3A1824C9}.Debug|Any CPU.Build.0 = Debug|iPhoneSimulator
		{8B13A8A5-64D6-4F10-822E-B48B3A1824C9}.Debug|iPhone.ActiveCfg = Debug|iPhone
		{8B13A8A5-64D6-4F10-822E-B48B3A1824C9}.Debug|iPhone.Build.0 = Debug|iPhone
		{8B13A8A5-64D6-4F10-822E-B48B3A1824C9}.Debug|iPhoneSimulator.ActiveCfg = Debug|iPhoneSimulator
		{8B13A8A5-64D6-4F10-822E-B48B3A1824C9}.Debug|iPhoneSimulator.Build.0 = Debug|iPhoneSimulator
		{8B13A8A5-64D6-4F10-822E-B48B3A1824C9}.Release|Any CPU.ActiveCfg = Release|iPhone
		{8B13A8A5-64D6-4F10-822E-B48B3A1824C9}.Release|Any CPU.Build.0 = Release|iPhone
		{8B13A8A5-64D6-4F10-822E-B48B3A1824C9}.Release|iPhone.ActiveCfg = Release|iPhone
		{8B13A8A5-64D6-4F10-822E-B48B3A1824C9}.Release|iPhone.Build.0 = Release|iPhone
		{8B13A8A5-64D6-4F10-822E-B48B3A1824C9}.Release|iPhoneSimulator.ActiveCfg = Release|iPhoneSimulator
		{8B13A8A5-64D6-4F10-822E-B48B3A1824C9}.Release|iPhoneSimulator.Build.0 = Release|iPhoneSimulator
		{66FF0906-FF78-4F77-A41E-3569B43A980B}.Debug|Any CPU.ActiveCfg = Debug|Any CPU
		{66FF0906-FF78-4F77-A41E-3569B43A980B}.Debug|Any CPU.Build.0 = Debug|Any CPU
		{66FF0906-FF78-4F77-A41E-3569B43A980B}.Debug|Any CPU.Deploy.0 = Debug|Any CPU
		{66FF0906-FF78-4F77-A41E-3569B43A980B}.Debug|iPhone.ActiveCfg = Debug|Any CPU
		{66FF0906-FF78-4F77-A41E-3569B43A980B}.Debug|iPhone.Build.0 = Debug|Any CPU
		{66FF0906-FF78-4F77-A41E-3569B43A980B}.Debug|iPhoneSimulator.ActiveCfg = Debug|Any CPU
		{66FF0906-FF78-4F77-A41E-3569B43A980B}.Debug|iPhoneSimulator.Build.0 = Debug|Any CPU
		{66FF0906-FF78-4F77-A41E-3569B43A980B}.Release|Any CPU.ActiveCfg = Release|Any CPU
		{66FF0906-FF78-4F77-A41E-3569B43A980B}.Release|Any CPU.Build.0 = Release|Any CPU
		{66FF0906-FF78-4F77-A41E-3569B43A980B}.Release|iPhone.ActiveCfg = Release|Any CPU
		{66FF0906-FF78-4F77-A41E-3569B43A980B}.Release|iPhone.Build.0 = Release|Any CPU
		{66FF0906-FF78-4F77-A41E-3569B43A980B}.Release|iPhoneSimulator.ActiveCfg = Release|Any CPU
		{66FF0906-FF78-4F77-A41E-3569B43A980B}.Release|iPhoneSimulator.Build.0 = Release|Any CPU
	EndGlobalSection
	GlobalSection(SolutionProperties) = preSolution
		HideSolutionNode = FALSE
	EndGlobalSection
EndGlobal
